// !$*UTF8*$!
{
	archiveVersion = 1;
	classes = {
	};
	objectVersion = 50;
	objects = {

/* Begin PBXBuildFile section */
		931D76DF242F8CD900736B1D /* AppDelegate.swift in Sources */ = {isa = PBXBuildFile; fileRef = 931D76DE242F8CD900736B1D /* AppDelegate.swift */; };
		931D76E6242F8CDA00736B1D /* Main.storyboard in Resources */ = {isa = PBXBuildFile; fileRef = 931D76E4242F8CDA00736B1D /* Main.storyboard */; };
		931D76E8242F8CDD00736B1D /* Assets.xcassets in Resources */ = {isa = PBXBuildFile; fileRef = 931D76E7242F8CDD00736B1D /* Assets.xcassets */; };
		931D76EB242F8CDD00736B1D /* LaunchScreen.storyboard in Resources */ = {isa = PBXBuildFile; fileRef = 931D76E9242F8CDD00736B1D /* LaunchScreen.storyboard */; };
		931D76F5242F8CED00736B1D /* BluetoothCentralApp.framework in Frameworks */ = {isa = PBXBuildFile; fileRef = 931D76F3242F8CED00736B1D /* BluetoothCentralApp.framework */; };
		931D76F6242F8CED00736B1D /* BluetoothCentralApp.framework in Embed Frameworks */ = {isa = PBXBuildFile; fileRef = 931D76F3242F8CED00736B1D /* BluetoothCentralApp.framework */; settings = {ATTRIBUTES = (CodeSignOnCopy, RemoveHeadersOnCopy, ); }; };
		931D76F7242F8CED00736B1D /* BluetoothPeripheralApp.framework in Frameworks */ = {isa = PBXBuildFile; fileRef = 931D76F4242F8CED00736B1D /* BluetoothPeripheralApp.framework */; };
		931D76F8242F8CED00736B1D /* BluetoothPeripheralApp.framework in Embed Frameworks */ = {isa = PBXBuildFile; fileRef = 931D76F4242F8CED00736B1D /* BluetoothPeripheralApp.framework */; settings = {ATTRIBUTES = (CodeSignOnCopy, RemoveHeadersOnCopy, ); }; };
		931D76FD242F940C00736B1D /* PeripheralCell.swift in Sources */ = {isa = PBXBuildFile; fileRef = 931D76FC242F940C00736B1D /* PeripheralCell.swift */; };
		9358F89B242FA6D400148A5D /* ResuableTableViewController.framework in Frameworks */ = {isa = PBXBuildFile; fileRef = 9358F89A242FA6D400148A5D /* ResuableTableViewController.framework */; };
		9358F89C242FA6D400148A5D /* ResuableTableViewController.framework in Embed Frameworks */ = {isa = PBXBuildFile; fileRef = 9358F89A242FA6D400148A5D /* ResuableTableViewController.framework */; settings = {ATTRIBUTES = (CodeSignOnCopy, RemoveHeadersOnCopy, ); }; };
		936688E9242FB17E00C92E14 /* PeripheralItem.swift in Sources */ = {isa = PBXBuildFile; fileRef = 936688E8242FB17E00C92E14 /* PeripheralItem.swift */; };
		936688ED242FB1EB00C92E14 /* PeripheralItemsViewModel.swift in Sources */ = {isa = PBXBuildFile; fileRef = 936688EC242FB1EB00C92E14 /* PeripheralItemsViewModel.swift */; };
/* End PBXBuildFile section */

/* Begin PBXCopyFilesBuildPhase section */
		931D76F9242F8CED00736B1D /* Embed Frameworks */ = {
			isa = PBXCopyFilesBuildPhase;
			buildActionMask = 2147483647;
			dstPath = "";
			dstSubfolderSpec = 10;
			files = (
				931D76F8242F8CED00736B1D /* BluetoothPeripheralApp.framework in Embed Frameworks */,
				9358F89C242FA6D400148A5D /* ResuableTableViewController.framework in Embed Frameworks */,
				931D76F6242F8CED00736B1D /* BluetoothCentralApp.framework in Embed Frameworks */,
			);
			name = "Embed Frameworks";
			runOnlyForDeploymentPostprocessing = 0;
		};
/* End PBXCopyFilesBuildPhase section */

/* Begin PBXFileReference section */
		931D76DB242F8CD900736B1D /* DataSenderApp.app */ = {isa = PBXFileReference; explicitFileType = wrapper.application; includeInIndex = 0; path = DataSenderApp.app; sourceTree = BUILT_PRODUCTS_DIR; };
		931D76DE242F8CD900736B1D /* AppDelegate.swift */ = {isa = PBXFileReference; lastKnownFileType = sourcecode.swift; path = AppDelegate.swift; sourceTree = "<group>"; };
		931D76E5242F8CDA00736B1D /* Base */ = {isa = PBXFileReference; lastKnownFileType = file.storyboard; name = Base; path = Base.lproj/Main.storyboard; sourceTree = "<group>"; };
		931D76E7242F8CDD00736B1D /* Assets.xcassets */ = {isa = PBXFileReference; lastKnownFileType = folder.assetcatalog; path = Assets.xcassets; sourceTree = "<group>"; };
		931D76EA242F8CDD00736B1D /* Base */ = {isa = PBXFileReference; lastKnownFileType = file.storyboard; name = Base; path = Base.lproj/LaunchScreen.storyboard; sourceTree = "<group>"; };
		931D76EC242F8CDD00736B1D /* Info.plist */ = {isa = PBXFileReference; lastKnownFileType = text.plist.xml; path = Info.plist; sourceTree = "<group>"; };
		931D76F3242F8CED00736B1D /* BluetoothCentralApp.framework */ = {isa = PBXFileReference; explicitFileType = wrapper.framework; path = BluetoothCentralApp.framework; sourceTree = BUILT_PRODUCTS_DIR; };
		931D76F4242F8CED00736B1D /* BluetoothPeripheralApp.framework */ = {isa = PBXFileReference; explicitFileType = wrapper.framework; path = BluetoothPeripheralApp.framework; sourceTree = BUILT_PRODUCTS_DIR; };
		931D76FC242F940C00736B1D /* PeripheralCell.swift */ = {isa = PBXFileReference; lastKnownFileType = sourcecode.swift; path = PeripheralCell.swift; sourceTree = "<group>"; };
		9358F89A242FA6D400148A5D /* ResuableTableViewController.framework */ = {isa = PBXFileReference; explicitFileType = wrapper.framework; path = ResuableTableViewController.framework; sourceTree = BUILT_PRODUCTS_DIR; };
		936688E8242FB17E00C92E14 /* PeripheralItem.swift */ = {isa = PBXFileReference; lastKnownFileType = sourcecode.swift; path = PeripheralItem.swift; sourceTree = "<group>"; };
		936688EC242FB1EB00C92E14 /* PeripheralItemsViewModel.swift */ = {isa = PBXFileReference; fileEncoding = 4; lastKnownFileType = sourcecode.swift; path = PeripheralItemsViewModel.swift; sourceTree = "<group>"; };
/* End PBXFileReference section */

/* Begin PBXFrameworksBuildPhase section */
		931D76D8242F8CD900736B1D /* Frameworks */ = {
			isa = PBXFrameworksBuildPhase;
			buildActionMask = 2147483647;
			files = (
				931D76F7242F8CED00736B1D /* BluetoothPeripheralApp.framework in Frameworks */,
				9358F89B242FA6D400148A5D /* ResuableTableViewController.framework in Frameworks */,
				931D76F5242F8CED00736B1D /* BluetoothCentralApp.framework in Frameworks */,
			);
			runOnlyForDeploymentPostprocessing = 0;
		};
/* End PBXFrameworksBuildPhase section */

/* Begin PBXGroup section */
		931D76D2242F8CD900736B1D = {
			isa = PBXGroup;
			children = (
				931D76DD242F8CD900736B1D /* DataSenderApp */,
				931D76DC242F8CD900736B1D /* Products */,
				931D76F2242F8CED00736B1D /* Frameworks */,
			);
			sourceTree = "<group>";
		};
		931D76DC242F8CD900736B1D /* Products */ = {
			isa = PBXGroup;
			children = (
				931D76DB242F8CD900736B1D /* DataSenderApp.app */,
			);
			name = Products;
			sourceTree = "<group>";
		};
		931D76DD242F8CD900736B1D /* DataSenderApp */ = {
			isa = PBXGroup;
			children = (
				936688E7242FB16100C92E14 /* PeripheralList */,
				931D76DE242F8CD900736B1D /* AppDelegate.swift */,
				931D76E4242F8CDA00736B1D /* Main.storyboard */,
				931D76E7242F8CDD00736B1D /* Assets.xcassets */,
				931D76E9242F8CDD00736B1D /* LaunchScreen.storyboard */,
				931D76EC242F8CDD00736B1D /* Info.plist */,
			);
			path = DataSenderApp;
			sourceTree = "<group>";
		};
		931D76F2242F8CED00736B1D /* Frameworks */ = {
			isa = PBXGroup;
			children = (
				9358F89A242FA6D400148A5D /* ResuableTableViewController.framework */,
				931D76F3242F8CED00736B1D /* BluetoothCentralApp.framework */,
				931D76F4242F8CED00736B1D /* BluetoothPeripheralApp.framework */,
			);
			name = Frameworks;
			sourceTree = "<group>";
		};
		936688E7242FB16100C92E14 /* PeripheralList */ = {
			isa = PBXGroup;
			children = (
				931D76FC242F940C00736B1D /* PeripheralCell.swift */,
				936688EC242FB1EB00C92E14 /* PeripheralItemsViewModel.swift */,
				936688E8242FB17E00C92E14 /* PeripheralItem.swift */,
			);
			path = PeripheralList;
			sourceTree = "<group>";
		};
/* End PBXGroup section */

/* Begin PBXNativeTarget section */
		931D76DA242F8CD900736B1D /* DataSenderApp */ = {
			isa = PBXNativeTarget;
			buildConfigurationList = 931D76EF242F8CDD00736B1D /* Build configuration list for PBXNativeTarget "DataSenderApp" */;
			buildPhases = (
				931D76D7242F8CD900736B1D /* Sources */,
				931D76D8242F8CD900736B1D /* Frameworks */,
				931D76D9242F8CD900736B1D /* Resources */,
				931D76F9242F8CED00736B1D /* Embed Frameworks */,
			);
			buildRules = (
			);
			dependencies = (
			);
			name = DataSenderApp;
			productName = DataSenderApp;
			productReference = 931D76DB242F8CD900736B1D /* DataSenderApp.app */;
			productType = "com.apple.product-type.application";
		};
/* End PBXNativeTarget section */

/* Begin PBXProject section */
		931D76D3242F8CD900736B1D /* Project object */ = {
			isa = PBXProject;
			attributes = {
				LastSwiftUpdateCheck = 1120;
				LastUpgradeCheck = 1120;
				ORGANIZATIONNAME = "Thorn, David";
				TargetAttributes = {
					931D76DA242F8CD900736B1D = {
						CreatedOnToolsVersion = 11.2.1;
					};
				};
			};
			buildConfigurationList = 931D76D6242F8CD900736B1D /* Build configuration list for PBXProject "DataSenderApp" */;
			compatibilityVersion = "Xcode 9.3";
			developmentRegion = en;
			hasScannedForEncodings = 0;
			knownRegions = (
				en,
				Base,
			);
			mainGroup = 931D76D2242F8CD900736B1D;
			productRefGroup = 931D76DC242F8CD900736B1D /* Products */;
			projectDirPath = "";
			projectRoot = "";
			targets = (
				931D76DA242F8CD900736B1D /* DataSenderApp */,
			);
		};
/* End PBXProject section */

/* Begin PBXResourcesBuildPhase section */
		931D76D9242F8CD900736B1D /* Resources */ = {
			isa = PBXResourcesBuildPhase;
			buildActionMask = 2147483647;
			files = (
				931D76EB242F8CDD00736B1D /* LaunchScreen.storyboard in Resources */,
				931D76E8242F8CDD00736B1D /* Assets.xcassets in Resources */,
				931D76E6242F8CDA00736B1D /* Main.storyboard in Resources */,
			);
			runOnlyForDeploymentPostprocessing = 0;
		};
/* End PBXResourcesBuildPhase section */

/* Begin PBXSourcesBuildPhase section */
		931D76D7242F8CD900736B1D /* Sources */ = {
			isa = PBXSourcesBuildPhase;
			buildActionMask = 2147483647;
			files = (
				936688ED242FB1EB00C92E14 /* PeripheralItemsViewModel.swift in Sources */,
				931D76FD242F940C00736B1D /* PeripheralCell.swift in Sources */,
				936688E9242FB17E00C92E14 /* PeripheralItem.swift in Sources */,
				931D76DF242F8CD900736B1D /* AppDelegate.swift in Sources */,
			);
			runOnlyForDeploymentPostprocessing = 0;
		};
/* End PBXSourcesBuildPhase section */

/* Begin PBXVariantGroup section */
		931D76E4242F8CDA00736B1D /* Main.storyboard */ = {
			isa = PBXVariantGroup;
			children = (
				931D76E5242F8CDA00736B1D /* Base */,
			);
			name = Main.storyboard;
			sourceTree = "<group>";
		};
		931D76E9242F8CDD00736B1D /* LaunchScreen.storyboard */ = {
			isa = PBXVariantGroup;
			children = (
				931D76EA242F8CDD00736B1D /* Base */,
			);
			name = LaunchScreen.storyboard;
			sourceTree = "<group>";
		};
/* End PBXVariantGroup section */

/* Begin XCBuildConfiguration section */
		931D76ED242F8CDD00736B1D /* Debug */ = {
			isa = XCBuildConfiguration;
			buildSettings = {
				ALWAYS_SEARCH_USER_PATHS = NO;
				CLANG_ANALYZER_NONNULL = YES;
				CLANG_ANALYZER_NUMBER_OBJECT_CONVERSION = YES_AGGRESSIVE;
				CLANG_CXX_LANGUAGE_STANDARD = "gnu++14";
				CLANG_CXX_LIBRARY = "libc++";
				CLANG_ENABLE_MODULES = YES;
				CLANG_ENABLE_OBJC_ARC = YES;
				CLANG_ENABLE_OBJC_WEAK = YES;
				CLANG_WARN_BLOCK_CAPTURE_AUTORELEASING = YES;
				CLANG_WARN_BOOL_CONVERSION = YES;
				CLANG_WARN_COMMA = YES;
				CLANG_WARN_CONSTANT_CONVERSION = YES;
				CLANG_WARN_DEPRECATED_OBJC_IMPLEMENTATIONS = YES;
				CLANG_WARN_DIRECT_OBJC_ISA_USAGE = YES_ERROR;
				CLANG_WARN_DOCUMENTATION_COMMENTS = YES;
				CLANG_WARN_EMPTY_BODY = YES;
				CLANG_WARN_ENUM_CONVERSION = YES;
				CLANG_WARN_INFINITE_RECURSION = YES;
				CLANG_WARN_INT_CONVERSION = YES;
				CLANG_WARN_NON_LITERAL_NULL_CONVERSION = YES;
				CLANG_WARN_OBJC_IMPLICIT_RETAIN_SELF = YES;
				CLANG_WARN_OBJC_LITERAL_CONVERSION = YES;
				CLANG_WARN_OBJC_ROOT_CLASS = YES_ERROR;
				CLANG_WARN_RANGE_LOOP_ANALYSIS = YES;
				CLANG_WARN_STRICT_PROTOTYPES = YES;
				CLANG_WARN_SUSPICIOUS_MOVE = YES;
				CLANG_WARN_UNGUARDED_AVAILABILITY = YES_AGGRESSIVE;
				CLANG_WARN_UNREACHABLE_CODE = YES;
				CLANG_WARN__DUPLICATE_METHOD_MATCH = YES;
				COPY_PHASE_STRIP = NO;
				DEBUG_INFORMATION_FORMAT = dwarf;
				ENABLE_STRICT_OBJC_MSGSEND = YES;
				ENABLE_TESTABILITY = YES;
				GCC_C_LANGUAGE_STANDARD = gnu11;
				GCC_DYNAMIC_NO_PIC = NO;
				GCC_NO_COMMON_BLOCKS = YES;
				GCC_OPTIMIZATION_LEVEL = 0;
				GCC_PREPROCESSOR_DEFINITIONS = (
					"DEBUG=1",
					"$(inherited)",
				);
				GCC_WARN_64_TO_32_BIT_CONVERSION = YES;
				GCC_WARN_ABOUT_RETURN_TYPE = YES_ERROR;
				GCC_WARN_UNDECLARED_SELECTOR = YES;
				GCC_WARN_UNINITIALIZED_AUTOS = YES_AGGRESSIVE;
				GCC_WARN_UNUSED_FUNCTION = YES;
				GCC_WARN_UNUSED_VARIABLE = YES;
				IPHONEOS_DEPLOYMENT_TARGET = 13.2;
				MTL_ENABLE_DEBUG_INFO = INCLUDE_SOURCE;
				MTL_FAST_MATH = YES;
				ONLY_ACTIVE_ARCH = YES;
				SDKROOT = iphoneos;
				SWIFT_ACTIVE_COMPILATION_CONDITIONS = DEBUG;
				SWIFT_OPTIMIZATION_LEVEL = "-Onone";
			};
			name = Debug;
		};
		931D76EE242F8CDD00736B1D /* Release */ = {
			isa = XCBuildConfiguration;
			buildSettings = {
				ALWAYS_SEARCH_USER_PATHS = NO;
				CLANG_ANALYZER_NONNULL = YES;
				CLANG_ANALYZER_NUMBER_OBJECT_CONVERSION = YES_AGGRESSIVE;
				CLANG_CXX_LANGUAGE_STANDARD = "gnu++14";
				CLANG_CXX_LIBRARY = "libc++";
				CLANG_ENABLE_MODULES = YES;
				CLANG_ENABLE_OBJC_ARC = YES;
				CLANG_ENABLE_OBJC_WEAK = YES;
				CLANG_WARN_BLOCK_CAPTURE_AUTORELEASING = YES;
				CLANG_WARN_BOOL_CONVERSION = YES;
				CLANG_WARN_COMMA = YES;
				CLANG_WARN_CONSTANT_CONVERSION = YES;
				CLANG_WARN_DEPRECATED_OBJC_IMPLEMENTATIONS = YES;
				CLANG_WARN_DIRECT_OBJC_ISA_USAGE = YES_ERROR;
				CLANG_WARN_DOCUMENTATION_COMMENTS = YES;
				CLANG_WARN_EMPTY_BODY = YES;
				CLANG_WARN_ENUM_CONVERSION = YES;
				CLANG_WARN_INFINITE_RECURSION = YES;
				CLANG_WARN_INT_CONVERSION = YES;
				CLANG_WARN_NON_LITERAL_NULL_CONVERSION = YES;
				CLANG_WARN_OBJC_IMPLICIT_RETAIN_SELF = YES;
				CLANG_WARN_OBJC_LITERAL_CONVERSION = YES;
				CLANG_WARN_OBJC_ROOT_CLASS = YES_ERROR;
				CLANG_WARN_RANGE_LOOP_ANALYSIS = YES;
				CLANG_WARN_STRICT_PROTOTYPES = YES;
				CLANG_WARN_SUSPICIOUS_MOVE = YES;
				CLANG_WARN_UNGUARDED_AVAILABILITY = YES_AGGRESSIVE;
				CLANG_WARN_UNREACHABLE_CODE = YES;
				CLANG_WARN__DUPLICATE_METHOD_MATCH = YES;
				COPY_PHASE_STRIP = NO;
				DEBUG_INFORMATION_FORMAT = "dwarf-with-dsym";
				ENABLE_NS_ASSERTIONS = NO;
				ENABLE_STRICT_OBJC_MSGSEND = YES;
				GCC_C_LANGUAGE_STANDARD = gnu11;
				GCC_NO_COMMON_BLOCKS = YES;
				GCC_WARN_64_TO_32_BIT_CONVERSION = YES;
				GCC_WARN_ABOUT_RETURN_TYPE = YES_ERROR;
				GCC_WARN_UNDECLARED_SELECTOR = YES;
				GCC_WARN_UNINITIALIZED_AUTOS = YES_AGGRESSIVE;
				GCC_WARN_UNUSED_FUNCTION = YES;
				GCC_WARN_UNUSED_VARIABLE = YES;
				IPHONEOS_DEPLOYMENT_TARGET = 13.2;
				MTL_ENABLE_DEBUG_INFO = NO;
				MTL_FAST_MATH = YES;
				SDKROOT = iphoneos;
				SWIFT_COMPILATION_MODE = wholemodule;
				SWIFT_OPTIMIZATION_LEVEL = "-O";
				VALIDATE_PRODUCT = YES;
			};
			name = Release;
		};
		931D76F0242F8CDD00736B1D /* Debug */ = {
			isa = XCBuildConfiguration;
			buildSettings = {
				ASSETCATALOG_COMPILER_APPICON_NAME = AppIcon;
				CODE_SIGN_STYLE = Automatic;
				DEVELOPMENT_TEAM = Z5L45HU7SA;
				INFOPLIST_FILE = DataSenderApp/Info.plist;
				IPHONEOS_DEPLOYMENT_TARGET = 10.0;
				LD_RUNPATH_SEARCH_PATHS = (
					"$(inherited)",
					"@executable_path/Frameworks",
				);
				PRODUCT_BUNDLE_IDENTIFIER = com.james.thorn.DataSenderApp;
				PRODUCT_NAME = "$(TARGET_NAME)";
				SWIFT_VERSION = 5.0;
				TARGETED_DEVICE_FAMILY = 1;
			};
			name = Debug;
		};
		931D76F1242F8CDD00736B1D /* Release */ = {
			isa = XCBuildConfiguration;
			buildSettings = {
				ASSETCATALOG_COMPILER_APPICON_NAME = AppIcon;
				CODE_SIGN_STYLE = Automatic;
				DEVELOPMENT_TEAM = Z5L45HU7SA;
				INFOPLIST_FILE = DataSenderApp/Info.plist;
				IPHONEOS_DEPLOYMENT_TARGET = 10.0;
				LD_RUNPATH_SEARCH_PATHS = (
					"$(inherited)",
					"@executable_path/Frameworks",
				);
				PRODUCT_BUNDLE_IDENTIFIER = com.james.thorn.DataSenderApp;
				PRODUCT_NAME = "$(TARGET_NAME)";
				SWIFT_VERSION = 5.0;
				TARGETED_DEVICE_FAMILY = 1;
			};
			name = Release;
		};
/* End XCBuildConfiguration section */

/* Begin XCConfigurationList section */
		931D76D6242F8CD900736B1D /* Build configuration list for PBXProject "DataSenderApp" */ = {
			isa = XCConfigurationList;
			buildConfigurations = (
				931D76ED242F8CDD00736B1D /* Debug */,
				931D76EE242F8CDD00736B1D /* Release */,
			);
			defaultConfigurationIsVisible = 0;
			defaultConfigurationName = Release;
		};
		931D76EF242F8CDD00736B1D /* Build configuration list for PBXNativeTarget "DataSenderApp" */ = {
			isa = XCConfigurationList;
			buildConfigurations = (
				931D76F0242F8CDD00736B1D /* Debug */,
				931D76F1242F8CDD00736B1D /* Release */,
			);
			defaultConfigurationIsVisible = 0;
			defaultConfigurationName = Release;
		};
/* End XCConfigurationList section */
	};
	rootObject = 931D76D3242F8CD900736B1D /* Project object */;
}
